github.com/goghcrow/go-ast-matcher v0.1.4-0.20240301165628-901eb2861211 h1:Y0UuA2TgFzW6rTJR/tHetnusFVta76waeLywCYzTK58=
github.com/goghcrow/go-ast-matcher v0.1.4-0.20240301165628-901eb2861211/go.mod h1:mDQ3DP/j+MA44n2bPANgp3k0LW6NWjuTn+3Fwikg1UQ=
github.com/goghcrow/go-loader v0.0.4-0.20240301165551-a79085e95cdf h1:wThq6tYn0Vuf55ls81PKSyDYZOYa9L4qaqfRdAXcjvg=
github.com/goghcrow/go-loader v0.0.4-0.20240301165551-a79085e95cdf/go.mod h1:Jwk+b7diJUFjz5r/KQuhgb5+UuLSfoe6bb9XPTNp+Bs=
github.com/goghcrow/go-matcher v0.0.5-0.20240221141643-a9ee478e49a2 h1:ZcBZEkw5rzVgjOo6yWXF79VurBzPFIPi5fTyo8mY2UQ=
github.com/goghcrow/go-matcher v0.0.5-0.20240221141643-a9ee478e49a2/go.mod h1:iHjdTemLoaPrEGyq8zQDIR0X6eeyWAYJCSx0kkoFjGw=
golang.org/x/mod v0.15.0 h1:SernR4v+D55NyBH2QiEQrlBAnj1ECL6AGrA5+dPaMY8=
golang.org/x/mod v0.15.0/go.mod h1:hTbmBsO62+eylJbnUtE2MGJUyE7QWk4xUqPFrRgJ+7c=
golang.org/x/sync v0.6.0 h1:5BMeUDZ7vkXGfEr1x9B4bRcTH4lpkTkpdh0T/J+qjbQ=
golang.org/x/tools v0.18.0 h1:k8NLag8AGHnn+PHbl7g43CtqZAwG60vZkLqgyZgIHgQ=
golang.org/x/tools v0.18.0/go.mod h1:GL7B4CwcLLeo59yx/9UWWuNOW1n3VZ4f5axWfML7Lcg=
